{
    "requires": true,
    "lockfileVersion": 1,
    "dependencies": {
        "aos": {
            "version": "3.0.0-beta.6",
            "resolved": "https://registry.npmjs.org/aos/-/aos-3.0.0-beta.6.tgz",
            "integrity": "sha512-VLWrpq8bfAWcetynVHMMrqdC+89Qq/Ym6UBJbHB4crIwp3RR8uq1dNGgsFzoDl03S43rlVMK+na3r5+oUCZsYw==",
            "requires": {
                "classlist-polyfill": "^1.2.0",
                "lodash.debounce": "^4.0.8",
                "lodash.throttle": "^4.1.1"
            }
        },
        "classlist-polyfill": {
            "version": "1.2.0",
            "resolved": "https://registry.npmjs.org/classlist-polyfill/-/classlist-polyfill-1.2.0.tgz",
            "integrity": "sha512-GzIjNdcEtH4ieA2S8NmrSxv7DfEV5fmixQeyTmqmRmRJPGpRBaSnA2a0VrCjyT8iW8JjEdMbKzDotAJf+ajgaQ=="
        },
        "ev-emitter": {
            "version": "2.1.2",
            "resolved": "https://registry.npmjs.org/ev-emitter/-/ev-emitter-2.1.2.tgz",
            "integrity": "sha512-jQ5Ql18hdCQ4qS+RCrbLfz1n+Pags27q5TwMKvZyhp5hh2UULUYZUy1keqj6k6SYsdqIYjnmz7xyyEY0V67B8Q=="
        },
        "fizzy-ui-utils": {
            "version": "3.0.0",
            "resolved": "https://registry.npmjs.org/fizzy-ui-utils/-/fizzy-ui-utils-3.0.0.tgz",
            "integrity": "sha512-uJj38QFQiJ/KCio5tiZhwAjIbTXSIgzBCKdKVbaYfLS053F6z23Nb0o1ZoO9gnxOQWN7BCc35jsvrCtAq3gY9g=="
        },
        "flickity": {
            "version": "3.0.0",
            "resolved": "https://registry.npmjs.org/flickity/-/flickity-3.0.0.tgz",
            "integrity": "sha512-Xw4znhglA2LVSmka0yKmzb4+fLwXm13TuKmdG1HbUoZZL95J1ZMr4hAA3w69s+Z6q/c6CyBDM25JVwMqgF3rOg==",
            "requires": {
                "ev-emitter": "^2.1.2",
                "fizzy-ui-utils": "^3.0.0",
                "get-size": "^3.0.0",
                "imagesloaded": "^5.0.0",
                "unidragger": "^3.0.0"
            }
        },
        "get-size": {
            "version": "3.0.0",
            "resolved": "https://registry.npmjs.org/get-size/-/get-size-3.0.0.tgz",
            "integrity": "sha512-Y8aiXLq4leR7807UY0yuKEwif5s3kbVp1nTv+i4jBeoUzByTLKkLWu/HorS6/pB+7gsB0o7OTogC8AoOOeT0Hw=="
        },
        "imagesloaded": {
            "version": "5.0.0",
            "resolved": "https://registry.npmjs.org/imagesloaded/-/imagesloaded-5.0.0.tgz",
            "integrity": "sha512-/0JGSubc1MTCoDKVmonLHgbifBWHdyLkun+R/151E1c5n79hiSxcd7cB7mPXFgojYu8xnRZv7GYxzKoxW8BetQ==",
            "requires": {
                "ev-emitter": "^2.1.2"
            }
        },
        "leaflet": {
            "version": "1.8.0",
            "resolved": "https://registry.npmjs.org/leaflet/-/leaflet-1.8.0.tgz",
            "integrity": "sha512-gwhMjFCQiYs3x/Sf+d49f10ERXaEFCPr+nVTryhAW8DWbMGqJqt9G4XuIaHmFW08zYvhgdzqXGr8AlW8v8dQkA=="
        },
        "lodash.debounce": {
            "version": "4.0.8",
            "resolved": "https://registry.npmjs.org/lodash.debounce/-/lodash.debounce-4.0.8.tgz",
            "integrity": "sha512-FT1yDzDYEoYWhnSGnpE/4Kj1fLZkDFyqRb7fNt6FdYOSxlUWAtp42Eh6Wb0rGIv/m9Bgo7x4GhQbm5Ys4SG5ow=="
        },
        "lodash.throttle": {
            "version": "4.1.1",
            "resolved": "https://registry.npmjs.org/lodash.throttle/-/lodash.throttle-4.1.1.tgz",
            "integrity": "sha512-wIkUCfVKpVsWo3JSZlc+8MB5it+2AN5W8J7YVMST30UrvcQNZ1Okbj+rbVniijTWE6FGYy4XJq/rHkas8qJMLQ=="
        },
        "reverse-geocode": {
            "version": "1.3.3",
            "resolved": "https://registry.npmjs.org/reverse-geocode/-/reverse-geocode-1.3.3.tgz",
            "integrity": "sha512-xfFKCmCjLk/WyEtsyZycZwlRiV02alFIjWv/yoTamolLFtWwAGTfk15BhaLblXvMpf+nwrfalzH+3jxc7g+8gA=="
        },
        "unidragger": {
            "version": "3.0.1",
            "resolved": "https://registry.npmjs.org/unidragger/-/unidragger-3.0.1.tgz",
            "integrity": "sha512-RngbGSwBFmqGBWjkaH+yB677uzR95blSQyxq6hYbrQCejH3Mx1nm8DVOuh3M9k2fQyTstWUG5qlgCnNqV/9jVw==",
            "requires": {
                "ev-emitter": "^2.0.0"
            }
        }
    }
}
